
Microsoft Visual Studio Solution File, Format Version 12.00
# Visual Studio Version 17
VisualStudioVersion = 17.6.33829.357
MinimumVisualStudioVersion = 10.0.40219.1
Project("{FAE04EC0-301F-11D3-BF4B-00C04F79EFBC}") = "Milk.Android", "Milk\Milk.Android\Milk.Android.csproj", "{2B176763-8C98-48AD-B89F-4F1DC27015A0}"
EndProject
Project("{2150E333-8FDC-42A3-9474-1A3956D46DE8}") = "Xamarin", "Xamarin", "{CBFDA169-BF56-4F51-B81A-702C60520D27}"
EndProject
Project("{FAE04EC0-301F-11D3-BF4B-00C04F79EFBC}") = "MilkbyPriorityCoding", "MilkbyPriorityCoding\MilkbyPriorityCoding.csproj", "{A2245663-7128-4B72-A436-56E33DF6E6D5}"
EndProject
Global
	GlobalSection(SolutionConfigurationPlatforms) = preSolution
		Debug|Any CPU = Debug|Any CPU
		Debug|iPhone = Debug|iPhone
		Debug|iPhoneSimulator = Debug|iPhoneSimulator
		Release|Any CPU = Release|Any CPU
		Release|iPhone = Release|iPhone
		Release|iPhoneSimulator = Release|iPhoneSimulator
	EndGlobalSection
	GlobalSection(ProjectConfigurationPlatforms) = postSolution
		{2B176763-8C98-48AD-B89F-4F1DC27015A0}.Debug|Any CPU.ActiveCfg = Debug|Any CPU
		{2B176763-8C98-48AD-B89F-4F1DC27015A0}.Debug|Any CPU.Build.0 = Debug|Any CPU
		{2B176763-8C98-48AD-B89F-4F1DC27015A0}.Debug|Any CPU.Deploy.0 = Debug|Any CPU
		{2B176763-8C98-48AD-B89F-4F1DC27015A0}.Debug|iPhone.ActiveCfg = Debug|Any CPU
		{2B176763-8C98-48AD-B89F-4F1DC27015A0}.Debug|iPhone.Build.0 = Debug|Any CPU
		{2B176763-8C98-48AD-B89F-4F1DC27015A0}.Debug|iPhone.Deploy.0 = Debug|Any CPU
		{2B176763-8C98-48AD-B89F-4F1DC27015A0}.Debug|iPhoneSimulator.ActiveCfg = Debug|Any CPU
		{2B176763-8C98-48AD-B89F-4F1DC27015A0}.Debug|iPhoneSimulator.Build.0 = Debug|Any CPU
		{2B176763-8C98-48AD-B89F-4F1DC27015A0}.Debug|iPhoneSimulator.Deploy.0 = Debug|Any CPU
		{2B176763-8C98-48AD-B89F-4F1DC27015A0}.Release|Any CPU.ActiveCfg = Release|Any CPU
		{2B176763-8C98-48AD-B89F-4F1DC27015A0}.Release|Any CPU.Build.0 = Release|Any CPU
		{2B176763-8C98-48AD-B89F-4F1DC27015A0}.Release|Any CPU.Deploy.0 = Release|Any CPU
		{2B176763-8C98-48AD-B89F-4F1DC27015A0}.Release|iPhone.ActiveCfg = Release|Any CPU
		{2B176763-8C98-48AD-B89F-4F1DC27015A0}.Release|iPhone.Build.0 = Release|Any CPU
		{2B176763-8C98-48AD-B89F-4F1DC27015A0}.Release|iPhone.Deploy.0 = Release|Any CPU
		{2B176763-8C98-48AD-B89F-4F1DC27015A0}.Release|iPhoneSimulator.ActiveCfg = Release|Any CPU
		{2B176763-8C98-48AD-B89F-4F1DC27015A0}.Release|iPhoneSimulator.Build.0 = Release|Any CPU
		{2B176763-8C98-48AD-B89F-4F1DC27015A0}.Release|iPhoneSimulator.Deploy.0 = Release|Any CPU
		{A2245663-7128-4B72-A436-56E33DF6E6D5}.Debug|Any CPU.ActiveCfg = Debug|Any CPU
		{A2245663-7128-4B72-A436-56E33DF6E6D5}.Debug|Any CPU.Build.0 = Debug|Any CPU
		{A2245663-7128-4B72-A436-56E33DF6E6D5}.Debug|Any CPU.Deploy.0 = Debug|Any CPU
		{A2245663-7128-4B72-A436-56E33DF6E6D5}.Debug|iPhone.ActiveCfg = Debug|Any CPU
		{A2245663-7128-4B72-A436-56E33DF6E6D5}.Debug|iPhone.Build.0 = Debug|Any CPU
		{A2245663-7128-4B72-A436-56E33DF6E6D5}.Debug|iPhone.Deploy.0 = Debug|Any CPU
		{A2245663-7128-4B72-A436-56E33DF6E6D5}.Debug|iPhoneSimulator.ActiveCfg = Debug|Any CPU
		{A2245663-7128-4B72-A436-56E33DF6E6D5}.Debug|iPhoneSimulator.Build.0 = Debug|Any CPU
		{A2245663-7128-4B72-A436-56E33DF6E6D5}.Debug|iPhoneSimulator.Deploy.0 = Debug|Any CPU
		{A2245663-7128-4B72-A436-56E33DF6E6D5}.Release|Any CPU.ActiveCfg = Release|Any CPU
		{A2245663-7128-4B72-A436-56E33DF6E6D5}.Release|Any CPU.Build.0 = Release|Any CPU
		{A2245663-7128-4B72-A436-56E33DF6E6D5}.Release|Any CPU.Deploy.0 = Release|Any CPU
		{A2245663-7128-4B72-A436-56E33DF6E6D5}.Release|iPhone.ActiveCfg = Release|Any CPU
		{A2245663-7128-4B72-A436-56E33DF6E6D5}.Release|iPhone.Build.0 = Release|Any CPU
		{A2245663-7128-4B72-A436-56E33DF6E6D5}.Release|iPhone.Deploy.0 = Release|Any CPU
		{A2245663-7128-4B72-A436-56E33DF6E6D5}.Release|iPhoneSimulator.ActiveCfg = Release|Any CPU
		{A2245663-7128-4B72-A436-56E33DF6E6D5}.Release|iPhoneSimulator.Build.0 = Release|Any CPU
		{A2245663-7128-4B72-A436-56E33DF6E6D5}.Release|iPhoneSimulator.Deploy.0 = Release|Any CPU
	EndGlobalSection
	GlobalSection(SolutionProperties) = preSolution
		HideSolutionNode = FALSE
	EndGlobalSection
	GlobalSection(NestedProjects) = preSolution
		{2B176763-8C98-48AD-B89F-4F1DC27015A0} = {CBFDA169-BF56-4F51-B81A-702C60520D27}
	EndGlobalSection
	GlobalSection(ExtensibilityGlobals) = postSolution
		SolutionGuid = {6F025E48-6AF9-400F-B690-1D4CC1B302C9}
	EndGlobalSection
EndGlobal
